
Microsoft Visual Studio Solution File, Format Version 12.00
# Visual Studio Version 17
VisualStudioVersion = 17.9.34622.214
MinimumVisualStudioVersion = 10.0.40219.1
Project("{FAE04EC0-301F-11D3-BF4B-00C04F79EFBC}") = "watherstack", "watherstack.csproj", "{F1A80159-3598-4683-97EE-B512641C73BC}"
EndProject
Global
	GlobalSection(SolutionConfigurationPlatforms) = preSolution
		Debug|Any CPU = Debug|Any CPU
		Release|Any CPU = Release|Any CPU
	EndGlobalSection
	GlobalSection(ProjectConfigurationPlatforms) = postSolution
		{F1A80159-3598-4683-97EE-B512641C73BC}.Debug|Any CPU.ActiveCfg = Debug|Any CPU
		{F1A80159-3598-4683-97EE-B512641C73BC}.Debug|Any CPU.Build.0 = Debug|Any CPU
		{F1A80159-3598-4683-97EE-B512641C73BC}.Release|Any CPU.ActiveCfg = Release|Any CPU
		{F1A80159-3598-4683-97EE-B512641C73BC}.Release|Any CPU.Build.0 = Release|Any CPU
	EndGlobalSection
	GlobalSection(SolutionProperties) = preSolution
		HideSolutionNode = FALSE
	EndGlobalSection
	GlobalSection(ExtensibilityGlobals) = postSolution
		SolutionGuid = {D747D66C-C8A1-4E8F-A16B-EEBD7EF07924}
	EndGlobalSection
EndGlobal
